<?xml version="1.0" encoding="utf-8"?>
<Project ToolsVersion="4.0" xmlns="http://schemas.microsoft.com/developer/msbuild/2003">
  <ItemGroup>
    <Filter Include="Source Files">
      <UniqueIdentifier>{4FC737F1-C7A5-4376-A066-2A32D752A2FF}</UniqueIdentifier>
      <Extensions>cpp;c;cc;cxx</Extensions>
    </Filter>
    <Filter Include="Header Files">
      <UniqueIdentifier>{93995380-89BD-4b04-88EB-625FBE52EBFB}</UniqueIdentifier>
      <Extensions>h;hh;hpp;hxx</Extensions>
    </Filter>
    <Filter Include="Source Files\Core">
      <UniqueIdentifier>{A1234567-0001-0001-0001-000000000001}</UniqueIdentifier>
    </Filter>
    <Filter Include="Source Files\Analysis">
      <UniqueIdentifier>{A1234567-0001-0001-0001-000000000002}</UniqueIdentifier>
    </Filter>
    <Filter Include="Source Files\Export">
      <UniqueIdentifier>{A1234567-0001-0001-0001-000000000003}</UniqueIdentifier>
    </Filter>
    <Filter Include="Source Files\Utils">
      <UniqueIdentifier>{A1234567-0001-0001-0001-000000000004}</UniqueIdentifier>
    </Filter>
    <Filter Include="Source Files\GUI">
      <UniqueIdentifier>{A1234567-0001-0001-0001-000000000005}</UniqueIdentifier>
    </Filter>
    <Filter Include="Source Files\GUI\Panels">
      <UniqueIdentifier>{A1234567-0001-0001-0001-000000000006}</UniqueIdentifier>
    </Filter>
    <Filter Include="Header Files\Core">
      <UniqueIdentifier>{B1234567-0001-0001-0001-000000000001}</UniqueIdentifier>
    </Filter>
    <Filter Include="Header Files\Analysis">
      <UniqueIdentifier>{B1234567-0001-0001-0001-000000000002}</UniqueIdentifier>
    </Filter>
    <Filter Include="Header Files\Export">
      <UniqueIdentifier>{B1234567-0001-0001-0001-000000000003}</UniqueIdentifier>
    </Filter>
    <Filter Include="Header Files\Utils">
      <UniqueIdentifier>{B1234567-0001-0001-0001-000000000004}</UniqueIdentifier>
    </Filter>
    <Filter Include="Header Files\GUI">
      <UniqueIdentifier>{B1234567-0001-0001-0001-000000000005}</UniqueIdentifier>
    </Filter>
    <Filter Include="Header Files\GUI\Panels">
      <UniqueIdentifier>{B1234567-0001-0001-0001-000000000006}</UniqueIdentifier>
    </Filter>
    <Filter Include="Resource Files">
      <UniqueIdentifier>{D1234567-0001-0001-0001-000000000001}</UniqueIdentifier>
    </Filter>
  </ItemGroup>

  <ItemGroup>
    <ClCompile Include="src\main.cpp">
      <Filter>Source Files</Filter>
    </ClCompile>
    <ClCompile Include="src\Core\PEFile.cpp">
      <Filter>Source Files\Core</Filter>
    </ClCompile>
    <ClCompile Include="src\Core\PEParser.cpp">
      <Filter>Source Files\Core</Filter>
    </ClCompile>
    <ClCompile Include="src\Core\DOSParser.cpp">
      <Filter>Source Files\Core</Filter>
    </ClCompile>
    <ClCompile Include="src\Core\FileHeaderParser.cpp">
      <Filter>Source Files\Core</Filter>
    </ClCompile>
    <ClCompile Include="src\Core\OptionalHeaderParser.cpp">
      <Filter>Source Files\Core</Filter>
    </ClCompile>
    <ClCompile Include="src\Core\SectionParser.cpp">
      <Filter>Source Files\Core</Filter>
    </ClCompile>
    <ClCompile Include="src\Core\ImportParser.cpp">
      <Filter>Source Files\Core</Filter>
    </ClCompile>
    <ClCompile Include="src\Core\ExportParser.cpp">
      <Filter>Source Files\Core</Filter>
    </ClCompile>
    <ClCompile Include="src\Core\TLSParser.cpp">
      <Filter>Source Files\Core</Filter>
    </ClCompile>
    <ClCompile Include="src\Core\ResourceParser.cpp">
      <Filter>Source Files\Core</Filter>
    </ClCompile>
    <ClCompile Include="src\Analysis\EntropyCalculator.cpp">
      <Filter>Source Files\Analysis</Filter>
    </ClCompile>
    <ClCompile Include="src\Analysis\SuspiciousAnalyzer.cpp">
      <Filter>Source Files\Analysis</Filter>
    </ClCompile>
    <ClCompile Include="src\Export\JSONExporter.cpp">
      <Filter>Source Files\Export</Filter>
    </ClCompile>
    <ClCompile Include="src\Utils\StringUtils.cpp">
      <Filter>Source Files\Utils</Filter>
    </ClCompile>
    <ClCompile Include="src\GUI\Theme.cpp">
      <Filter>Source Files\GUI</Filter>
    </ClCompile>
    <ClCompile Include="src\GUI\MainWindow.cpp">
      <Filter>Source Files\GUI</Filter>
    </ClCompile>
    <ClCompile Include="src\GUI\Panels\OverviewPanel.cpp">
      <Filter>Source Files\GUI\Panels</Filter>
    </ClCompile>
    <ClCompile Include="src\GUI\Panels\SectionsPanel.cpp">
      <Filter>Source Files\GUI\Panels</Filter>
    </ClCompile>
    <ClCompile Include="src\GUI\Panels\ImportsPanel.cpp">
      <Filter>Source Files\GUI\Panels</Filter>
    </ClCompile>
    <ClCompile Include="src\GUI\Panels\ExportsPanel.cpp">
      <Filter>Source Files\GUI\Panels</Filter>
    </ClCompile>
    <ClCompile Include="src\GUI\Panels\TLSPanel.cpp">
      <Filter>Source Files\GUI\Panels</Filter>
    </ClCompile>
    <ClCompile Include="src\GUI\Panels\ResourcesPanel.cpp">
      <Filter>Source Files\GUI\Panels</Filter>
    </ClCompile>
    <ClCompile Include="src\GUI\Panels\AnalysisPanel.cpp">
      <Filter>Source Files\GUI\Panels</Filter>
    </ClCompile>
    <ClCompile Include="src\Core\DebugParser.cpp">
      <Filter>Source Files\Core</Filter>
    </ClCompile>
    <ClCompile Include="src\Core\VersionParser.cpp">
      <Filter>Source Files\Core</Filter>
    </ClCompile>
    <ClCompile Include="src\Analysis\StringScanner.cpp">
      <Filter>Source Files\Analysis</Filter>
    </ClCompile>
    <ClCompile Include="src\GUI\Panels\HexPanel.cpp">
      <Filter>Source Files\GUI\Panels</Filter>
    </ClCompile>
    <ClCompile Include="src\GUI\Panels\StringsPanel.cpp">
      <Filter>Source Files\GUI\Panels</Filter>
    </ClCompile>
  </ItemGroup>

  <ItemGroup>
    <ClInclude Include="src\Core\PEData.h">
      <Filter>Header Files\Core</Filter>
    </ClInclude>
    <ClInclude Include="src\Core\PEFile.h">
      <Filter>Header Files\Core</Filter>
    </ClInclude>
    <ClInclude Include="src\Core\PEParser.h">
      <Filter>Header Files\Core</Filter>
    </ClInclude>
    <ClInclude Include="src\Core\DOSParser.h">
      <Filter>Header Files\Core</Filter>
    </ClInclude>
    <ClInclude Include="src\Core\FileHeaderParser.h">
      <Filter>Header Files\Core</Filter>
    </ClInclude>
    <ClInclude Include="src\Core\OptionalHeaderParser.h">
      <Filter>Header Files\Core</Filter>
    </ClInclude>
    <ClInclude Include="src\Core\SectionParser.h">
      <Filter>Header Files\Core</Filter>
    </ClInclude>
    <ClInclude Include="src\Core\ImportParser.h">
      <Filter>Header Files\Core</Filter>
    </ClInclude>
    <ClInclude Include="src\Core\ExportParser.h">
      <Filter>Header Files\Core</Filter>
    </ClInclude>
    <ClInclude Include="src\Core\TLSParser.h">
      <Filter>Header Files\Core</Filter>
    </ClInclude>
    <ClInclude Include="src\Core\ResourceParser.h">
      <Filter>Header Files\Core</Filter>
    </ClInclude>
    <ClInclude Include="src\Analysis\EntropyCalculator.h">
      <Filter>Header Files\Analysis</Filter>
    </ClInclude>
    <ClInclude Include="src\Analysis\KnownMaliciousAPIs.h">
      <Filter>Header Files\Analysis</Filter>
    </ClInclude>
    <ClInclude Include="src\Analysis\SuspiciousAnalyzer.h">
      <Filter>Header Files\Analysis</Filter>
    </ClInclude>
    <ClInclude Include="src\Export\JSONExporter.h">
      <Filter>Header Files\Export</Filter>
    </ClInclude>
    <ClInclude Include="src\Utils\HexFormatter.h">
      <Filter>Header Files\Utils</Filter>
    </ClInclude>
    <ClInclude Include="src\Utils\TimestampParser.h">
      <Filter>Header Files\Utils</Filter>
    </ClInclude>
    <ClInclude Include="src\Utils\Characteristics.h">
      <Filter>Header Files\Utils</Filter>
    </ClInclude>
    <ClInclude Include="src\Utils\RVAUtils.h">
      <Filter>Header Files\Utils</Filter>
    </ClInclude>
    <ClInclude Include="src\Utils\StringUtils.h">
      <Filter>Header Files\Utils</Filter>
    </ClInclude>
    <ClInclude Include="src\GUI\Theme.h">
      <Filter>Header Files\GUI</Filter>
    </ClInclude>
    <ClInclude Include="src\GUI\MainWindow.h">
      <Filter>Header Files\GUI</Filter>
    </ClInclude>
    <ClInclude Include="src\GUI\Panels\OverviewPanel.h">
      <Filter>Header Files\GUI\Panels</Filter>
    </ClInclude>
    <ClInclude Include="src\GUI\Panels\SectionsPanel.h">
      <Filter>Header Files\GUI\Panels</Filter>
    </ClInclude>
    <ClInclude Include="src\GUI\Panels\ImportsPanel.h">
      <Filter>Header Files\GUI\Panels</Filter>
    </ClInclude>
    <ClInclude Include="src\GUI\Panels\ExportsPanel.h">
      <Filter>Header Files\GUI\Panels</Filter>
    </ClInclude>
    <ClInclude Include="src\GUI\Panels\TLSPanel.h">
      <Filter>Header Files\GUI\Panels</Filter>
    </ClInclude>
    <ClInclude Include="src\GUI\Panels\ResourcesPanel.h">
      <Filter>Header Files\GUI\Panels</Filter>
    </ClInclude>
    <ClInclude Include="src\GUI\Panels\AnalysisPanel.h">
      <Filter>Header Files\GUI\Panels</Filter>
    </ClInclude>
    <ClInclude Include="src\Core\DebugParser.h">
      <Filter>Header Files\Core</Filter>
    </ClInclude>
    <ClInclude Include="src\Core\VersionParser.h">
      <Filter>Header Files\Core</Filter>
    </ClInclude>
    <ClInclude Include="src\Analysis\StringScanner.h">
      <Filter>Header Files\Analysis</Filter>
    </ClInclude>
    <ClInclude Include="src\GUI\Panels\HexPanel.h">
      <Filter>Header Files\GUI\Panels</Filter>
    </ClInclude>
    <ClInclude Include="src\GUI\Panels\StringsPanel.h">
      <Filter>Header Files\GUI\Panels</Filter>
    </ClInclude>
    <ClInclude Include="resources\resource.h">
      <Filter>Resource Files</Filter>
    </ClInclude>
  </ItemGroup>

  <ItemGroup>
    <ResourceCompile Include="resources\app.rc">
      <Filter>Resource Files</Filter>
    </ResourceCompile>
  </ItemGroup>
</Project>